
Microsoft Visual Studio Solution File, Format Version 12.00
# Visual Studio 2013
Project("{FAE04EC0-301F-11D3-BF4B-00C04F79EFBC}") = "WpfApplication1", "WpfApplication1\WpfApplication1.csproj", "{9A07FBE2-F02E-43E6-A1B6-9AF4C2A5CE1F}"
EndProject
Global
	GlobalSection(SolutionConfigurationPlatforms) = preSolution
		Debug|Any CPU = Debug|Any CPU
		Release|Any CPU = Release|Any CPU
	EndGlobalSection
	GlobalSection(ProjectConfigurationPlatforms) = postSolution
		{9A07FBE2-F02E-43E6-A1B6-9AF4C2A5CE1F}.Debug|Any CPU.ActiveCfg = Debug|Any CPU
		{9A07FBE2-F02E-43E6-A1B6-9AF4C2A5CE1F}.Debug|Any CPU.Build.0 = Debug|Any CPU
		{9A07FBE2-F02E-43E6-A1B6-9AF4C2A5CE1F}.Release|Any CPU.ActiveCfg = Release|Any CPU
		{9A07FBE2-F02E-43E6-A1B6-9AF4C2A5CE1F}.Release|Any CPU.Build.0 = Release|Any CPU
	EndGlobalSection
EndGlobal
