
Microsoft Visual Studio Solution File, Format Version 12.00
# Blend for Visual Studio 14
VisualStudioVersion = 14.0.25420.1
MinimumVisualStudioVersion = 10.0.40219.1
Project("{FAE04EC0-301F-11D3-BF4B-00C04F79EFBC}") = "PatchMnemoLib", "..\PatchMnemoLib\PatchMnemoLib.csproj", "{97A7996E-0EE8-4FA4-B2B3-C330B3A89DA2}"
EndProject
Project("{FAE04EC0-301F-11D3-BF4B-00C04F79EFBC}") = "MUtilites", "..\MUtilites\MUtilites.csproj", "{F9865716-7F0A-430F-A6EE-FA727CDBAA2A}"
EndProject
Project("{FAE04EC0-301F-11D3-BF4B-00C04F79EFBC}") = "MnemoTools", "..\MnemoTools\MnemoTools.csproj", "{7FE3D7E6-9F0E-4CDD-A0CE-E8F64B336E85}"
EndProject
Project("{FAE04EC0-301F-11D3-BF4B-00C04F79EFBC}") = "ResourceFiles", "..\ResourceFiless\ResourceFiles.csproj", "{E58D934E-5F77-4C84-B56E-36DAA4E934EE}"
EndProject
Project("{FAE04EC0-301F-11D3-BF4B-00C04F79EFBC}") = "WPFMnemoLibrary", "..\WPFMnemoLibrary\WPFMnemoLibrary.csproj", "{5C568869-1C80-42A4-82C3-930F1C0B1CFC}"
EndProject
Project("{FAE04EC0-301F-11D3-BF4B-00C04F79EFBC}") = "FrmMnemo", "..\FrmMnemo\FrmMnemo.csproj", "{716B178A-B417-41E3-8BFB-070D9515D3E8}"
EndProject
Project("{FAE04EC0-301F-11D3-BF4B-00C04F79EFBC}") = "WpfDrawing", "..\WpfDrawing\WpfDrawing.csproj", "{7DD49D73-B3BC-4E1B-844C-69D783FB0F50}"
EndProject
Project("{FAE04EC0-301F-11D3-BF4B-00C04F79EFBC}") = "WpfApplication1", "WpfApplication1\WpfApplication1.csproj", "{2FD2B068-851C-43AC-9704-EFC7539A830D}"
EndProject
Project("{FAE04EC0-301F-11D3-BF4B-00C04F79EFBC}") = "PultMnemo", "..\PultMnemo\PultMnemo.csproj", "{2D5EDF6A-077B-4B60-81EC-4655F512FDEE}"
EndProject
Project("{FAE04EC0-301F-11D3-BF4B-00C04F79EFBC}") = "ValueModel", "..\ValueModel\ValueModel\ValueModel.csproj", "{8FE10A49-5B2E-4A5C-8847-9E7F5E4FE9C8}"
EndProject
Project("{FAE04EC0-301F-11D3-BF4B-00C04F79EFBC}") = "ValueBulder", "ValueBulder\ValueBulder.csproj", "{5792E8E8-9D94-4BA7-BFFE-2D676254A49F}"
EndProject
Global
	GlobalSection(SolutionConfigurationPlatforms) = preSolution
		Debug|Any CPU = Debug|Any CPU
		Debug|Mixed Platforms = Debug|Mixed Platforms
		Debug|Win32 = Debug|Win32
		Debug|x86 = Debug|x86
		Release|Any CPU = Release|Any CPU
		Release|Mixed Platforms = Release|Mixed Platforms
		Release|Win32 = Release|Win32
		Release|x86 = Release|x86
	EndGlobalSection
	GlobalSection(ProjectConfigurationPlatforms) = postSolution
		{97A7996E-0EE8-4FA4-B2B3-C330B3A89DA2}.Debug|Any CPU.ActiveCfg = Debug|Any CPU
		{97A7996E-0EE8-4FA4-B2B3-C330B3A89DA2}.Debug|Any CPU.Build.0 = Debug|Any CPU
		{97A7996E-0EE8-4FA4-B2B3-C330B3A89DA2}.Debug|Mixed Platforms.ActiveCfg = Debug|Any CPU
		{97A7996E-0EE8-4FA4-B2B3-C330B3A89DA2}.Debug|Mixed Platforms.Build.0 = Debug|Any CPU
		{97A7996E-0EE8-4FA4-B2B3-C330B3A89DA2}.Debug|Win32.ActiveCfg = Debug|Any CPU
		{97A7996E-0EE8-4FA4-B2B3-C330B3A89DA2}.Debug|x86.ActiveCfg = Debug|x86
		{97A7996E-0EE8-4FA4-B2B3-C330B3A89DA2}.Debug|x86.Build.0 = Debug|x86
		{97A7996E-0EE8-4FA4-B2B3-C330B3A89DA2}.Release|Any CPU.ActiveCfg = Release|Any CPU
		{97A7996E-0EE8-4FA4-B2B3-C330B3A89DA2}.Release|Any CPU.Build.0 = Release|Any CPU
		{97A7996E-0EE8-4FA4-B2B3-C330B3A89DA2}.Release|Mixed Platforms.ActiveCfg = Release|Any CPU
		{97A7996E-0EE8-4FA4-B2B3-C330B3A89DA2}.Release|Mixed Platforms.Build.0 = Release|Any CPU
		{97A7996E-0EE8-4FA4-B2B3-C330B3A89DA2}.Release|Win32.ActiveCfg = Release|Any CPU
		{97A7996E-0EE8-4FA4-B2B3-C330B3A89DA2}.Release|x86.ActiveCfg = Release|x86
		{97A7996E-0EE8-4FA4-B2B3-C330B3A89DA2}.Release|x86.Build.0 = Release|x86
		{F9865716-7F0A-430F-A6EE-FA727CDBAA2A}.Debug|Any CPU.ActiveCfg = Debug|Any CPU
		{F9865716-7F0A-430F-A6EE-FA727CDBAA2A}.Debug|Any CPU.Build.0 = Debug|Any CPU
		{F9865716-7F0A-430F-A6EE-FA727CDBAA2A}.Debug|Mixed Platforms.ActiveCfg = Debug|Any CPU
		{F9865716-7F0A-430F-A6EE-FA727CDBAA2A}.Debug|Mixed Platforms.Build.0 = Debug|Any CPU
		{F9865716-7F0A-430F-A6EE-FA727CDBAA2A}.Debug|Win32.ActiveCfg = Debug|Any CPU
		{F9865716-7F0A-430F-A6EE-FA727CDBAA2A}.Debug|x86.ActiveCfg = Debug|Any CPU
		{F9865716-7F0A-430F-A6EE-FA727CDBAA2A}.Release|Any CPU.ActiveCfg = Release|Any CPU
		{F9865716-7F0A-430F-A6EE-FA727CDBAA2A}.Release|Any CPU.Build.0 = Release|Any CPU
		{F9865716-7F0A-430F-A6EE-FA727CDBAA2A}.Release|Mixed Platforms.ActiveCfg = Release|Any CPU
		{F9865716-7F0A-430F-A6EE-FA727CDBAA2A}.Release|Mixed Platforms.Build.0 = Release|Any CPU
		{F9865716-7F0A-430F-A6EE-FA727CDBAA2A}.Release|Win32.ActiveCfg = Release|Any CPU
		{F9865716-7F0A-430F-A6EE-FA727CDBAA2A}.Release|x86.ActiveCfg = Release|Any CPU
		{7FE3D7E6-9F0E-4CDD-A0CE-E8F64B336E85}.Debug|Any CPU.ActiveCfg = Debug|x86
		{7FE3D7E6-9F0E-4CDD-A0CE-E8F64B336E85}.Debug|Mixed Platforms.ActiveCfg = Debug|x86
		{7FE3D7E6-9F0E-4CDD-A0CE-E8F64B336E85}.Debug|Mixed Platforms.Build.0 = Debug|x86
		{7FE3D7E6-9F0E-4CDD-A0CE-E8F64B336E85}.Debug|Win32.ActiveCfg = Debug|x86
		{7FE3D7E6-9F0E-4CDD-A0CE-E8F64B336E85}.Debug|x86.ActiveCfg = Debug|x86
		{7FE3D7E6-9F0E-4CDD-A0CE-E8F64B336E85}.Debug|x86.Build.0 = Debug|x86
		{7FE3D7E6-9F0E-4CDD-A0CE-E8F64B336E85}.Release|Any CPU.ActiveCfg = Release|x86
		{7FE3D7E6-9F0E-4CDD-A0CE-E8F64B336E85}.Release|Mixed Platforms.ActiveCfg = Release|x86
		{7FE3D7E6-9F0E-4CDD-A0CE-E8F64B336E85}.Release|Mixed Platforms.Build.0 = Release|x86
		{7FE3D7E6-9F0E-4CDD-A0CE-E8F64B336E85}.Release|Win32.ActiveCfg = Release|x86
		{7FE3D7E6-9F0E-4CDD-A0CE-E8F64B336E85}.Release|x86.ActiveCfg = Release|x86
		{7FE3D7E6-9F0E-4CDD-A0CE-E8F64B336E85}.Release|x86.Build.0 = Release|x86
		{E58D934E-5F77-4C84-B56E-36DAA4E934EE}.Debug|Any CPU.ActiveCfg = Debug|x86
		{E58D934E-5F77-4C84-B56E-36DAA4E934EE}.Debug|Mixed Platforms.ActiveCfg = Debug|x86
		{E58D934E-5F77-4C84-B56E-36DAA4E934EE}.Debug|Mixed Platforms.Build.0 = Debug|x86
		{E58D934E-5F77-4C84-B56E-36DAA4E934EE}.Debug|Win32.ActiveCfg = Debug|x86
		{E58D934E-5F77-4C84-B56E-36DAA4E934EE}.Debug|x86.ActiveCfg = Debug|x86
		{E58D934E-5F77-4C84-B56E-36DAA4E934EE}.Debug|x86.Build.0 = Debug|x86
		{E58D934E-5F77-4C84-B56E-36DAA4E934EE}.Release|Any CPU.ActiveCfg = Release|x86
		{E58D934E-5F77-4C84-B56E-36DAA4E934EE}.Release|Mixed Platforms.ActiveCfg = Release|x86
		{E58D934E-5F77-4C84-B56E-36DAA4E934EE}.Release|Mixed Platforms.Build.0 = Release|x86
		{E58D934E-5F77-4C84-B56E-36DAA4E934EE}.Release|Win32.ActiveCfg = Release|x86
		{E58D934E-5F77-4C84-B56E-36DAA4E934EE}.Release|x86.ActiveCfg = Release|x86
		{E58D934E-5F77-4C84-B56E-36DAA4E934EE}.Release|x86.Build.0 = Release|x86
		{5C568869-1C80-42A4-82C3-930F1C0B1CFC}.Debug|Any CPU.ActiveCfg = Debug|x86
		{5C568869-1C80-42A4-82C3-930F1C0B1CFC}.Debug|Mixed Platforms.ActiveCfg = Debug|x86
		{5C568869-1C80-42A4-82C3-930F1C0B1CFC}.Debug|Mixed Platforms.Build.0 = Debug|x86
		{5C568869-1C80-42A4-82C3-930F1C0B1CFC}.Debug|Win32.ActiveCfg = Debug|x86
		{5C568869-1C80-42A4-82C3-930F1C0B1CFC}.Debug|x86.ActiveCfg = Debug|x86
		{5C568869-1C80-42A4-82C3-930F1C0B1CFC}.Debug|x86.Build.0 = Debug|x86
		{5C568869-1C80-42A4-82C3-930F1C0B1CFC}.Release|Any CPU.ActiveCfg = Release|x86
		{5C568869-1C80-42A4-82C3-930F1C0B1CFC}.Release|Mixed Platforms.ActiveCfg = Release|x86
		{5C568869-1C80-42A4-82C3-930F1C0B1CFC}.Release|Mixed Platforms.Build.0 = Release|x86
		{5C568869-1C80-42A4-82C3-930F1C0B1CFC}.Release|Win32.ActiveCfg = Release|x86
		{5C568869-1C80-42A4-82C3-930F1C0B1CFC}.Release|x86.ActiveCfg = Release|x86
		{5C568869-1C80-42A4-82C3-930F1C0B1CFC}.Release|x86.Build.0 = Release|x86
		{716B178A-B417-41E3-8BFB-070D9515D3E8}.Debug|Any CPU.ActiveCfg = Debug|x86
		{716B178A-B417-41E3-8BFB-070D9515D3E8}.Debug|Mixed Platforms.ActiveCfg = Debug|x86
		{716B178A-B417-41E3-8BFB-070D9515D3E8}.Debug|Mixed Platforms.Build.0 = Debug|x86
		{716B178A-B417-41E3-8BFB-070D9515D3E8}.Debug|Win32.ActiveCfg = Debug|x86
		{716B178A-B417-41E3-8BFB-070D9515D3E8}.Debug|x86.ActiveCfg = Debug|x86
		{716B178A-B417-41E3-8BFB-070D9515D3E8}.Debug|x86.Build.0 = Debug|x86
		{716B178A-B417-41E3-8BFB-070D9515D3E8}.Release|Any CPU.ActiveCfg = Release|x86
		{716B178A-B417-41E3-8BFB-070D9515D3E8}.Release|Mixed Platforms.ActiveCfg = Release|x86
		{716B178A-B417-41E3-8BFB-070D9515D3E8}.Release|Mixed Platforms.Build.0 = Release|x86
		{716B178A-B417-41E3-8BFB-070D9515D3E8}.Release|Win32.ActiveCfg = Release|x86
		{716B178A-B417-41E3-8BFB-070D9515D3E8}.Release|x86.ActiveCfg = Release|x86
		{716B178A-B417-41E3-8BFB-070D9515D3E8}.Release|x86.Build.0 = Release|x86
		{7DD49D73-B3BC-4E1B-844C-69D783FB0F50}.Debug|Any CPU.ActiveCfg = Debug|Any CPU
		{7DD49D73-B3BC-4E1B-844C-69D783FB0F50}.Debug|Any CPU.Build.0 = Debug|Any CPU
		{7DD49D73-B3BC-4E1B-844C-69D783FB0F50}.Debug|Mixed Platforms.ActiveCfg = Debug|Any CPU
		{7DD49D73-B3BC-4E1B-844C-69D783FB0F50}.Debug|Mixed Platforms.Build.0 = Debug|Any CPU
		{7DD49D73-B3BC-4E1B-844C-69D783FB0F50}.Debug|Win32.ActiveCfg = Debug|Any CPU
		{7DD49D73-B3BC-4E1B-844C-69D783FB0F50}.Debug|x86.ActiveCfg = Debug|x86
		{7DD49D73-B3BC-4E1B-844C-69D783FB0F50}.Debug|x86.Build.0 = Debug|x86
		{7DD49D73-B3BC-4E1B-844C-69D783FB0F50}.Release|Any CPU.ActiveCfg = Release|Any CPU
		{7DD49D73-B3BC-4E1B-844C-69D783FB0F50}.Release|Any CPU.Build.0 = Release|Any CPU
		{7DD49D73-B3BC-4E1B-844C-69D783FB0F50}.Release|Mixed Platforms.ActiveCfg = Release|Any CPU
		{7DD49D73-B3BC-4E1B-844C-69D783FB0F50}.Release|Mixed Platforms.Build.0 = Release|Any CPU
		{7DD49D73-B3BC-4E1B-844C-69D783FB0F50}.Release|Win32.ActiveCfg = Release|Any CPU
		{7DD49D73-B3BC-4E1B-844C-69D783FB0F50}.Release|x86.ActiveCfg = Release|x86
		{7DD49D73-B3BC-4E1B-844C-69D783FB0F50}.Release|x86.Build.0 = Release|x86
		{2FD2B068-851C-43AC-9704-EFC7539A830D}.Debug|Any CPU.ActiveCfg = Debug|x86
		{2FD2B068-851C-43AC-9704-EFC7539A830D}.Debug|Mixed Platforms.ActiveCfg = Debug|x86
		{2FD2B068-851C-43AC-9704-EFC7539A830D}.Debug|Mixed Platforms.Build.0 = Debug|x86
		{2FD2B068-851C-43AC-9704-EFC7539A830D}.Debug|Win32.ActiveCfg = Debug|x86
		{2FD2B068-851C-43AC-9704-EFC7539A830D}.Debug|x86.ActiveCfg = Debug|x86
		{2FD2B068-851C-43AC-9704-EFC7539A830D}.Debug|x86.Build.0 = Debug|x86
		{2FD2B068-851C-43AC-9704-EFC7539A830D}.Release|Any CPU.ActiveCfg = Release|x86
		{2FD2B068-851C-43AC-9704-EFC7539A830D}.Release|Mixed Platforms.ActiveCfg = Release|x86
		{2FD2B068-851C-43AC-9704-EFC7539A830D}.Release|Mixed Platforms.Build.0 = Release|x86
		{2FD2B068-851C-43AC-9704-EFC7539A830D}.Release|Win32.ActiveCfg = Release|x86
		{2FD2B068-851C-43AC-9704-EFC7539A830D}.Release|x86.ActiveCfg = Release|x86
		{2FD2B068-851C-43AC-9704-EFC7539A830D}.Release|x86.Build.0 = Release|x86
		{2D5EDF6A-077B-4B60-81EC-4655F512FDEE}.Debug|Any CPU.ActiveCfg = Debug|x86
		{2D5EDF6A-077B-4B60-81EC-4655F512FDEE}.Debug|Mixed Platforms.ActiveCfg = Debug|x86
		{2D5EDF6A-077B-4B60-81EC-4655F512FDEE}.Debug|Mixed Platforms.Build.0 = Debug|x86
		{2D5EDF6A-077B-4B60-81EC-4655F512FDEE}.Debug|Win32.ActiveCfg = Debug|x86
		{2D5EDF6A-077B-4B60-81EC-4655F512FDEE}.Debug|x86.ActiveCfg = Debug|x86
		{2D5EDF6A-077B-4B60-81EC-4655F512FDEE}.Debug|x86.Build.0 = Debug|x86
		{2D5EDF6A-077B-4B60-81EC-4655F512FDEE}.Release|Any CPU.ActiveCfg = Release|x86
		{2D5EDF6A-077B-4B60-81EC-4655F512FDEE}.Release|Mixed Platforms.ActiveCfg = Release|x86
		{2D5EDF6A-077B-4B60-81EC-4655F512FDEE}.Release|Mixed Platforms.Build.0 = Release|x86
		{2D5EDF6A-077B-4B60-81EC-4655F512FDEE}.Release|Win32.ActiveCfg = Release|x86
		{2D5EDF6A-077B-4B60-81EC-4655F512FDEE}.Release|x86.ActiveCfg = Release|x86
		{2D5EDF6A-077B-4B60-81EC-4655F512FDEE}.Release|x86.Build.0 = Release|x86
		{8FE10A49-5B2E-4A5C-8847-9E7F5E4FE9C8}.Debug|Any CPU.ActiveCfg = Debug|Any CPU
		{8FE10A49-5B2E-4A5C-8847-9E7F5E4FE9C8}.Debug|Any CPU.Build.0 = Debug|Any CPU
		{8FE10A49-5B2E-4A5C-8847-9E7F5E4FE9C8}.Debug|Mixed Platforms.ActiveCfg = Debug|Any CPU
		{8FE10A49-5B2E-4A5C-8847-9E7F5E4FE9C8}.Debug|Mixed Platforms.Build.0 = Debug|Any CPU
		{8FE10A49-5B2E-4A5C-8847-9E7F5E4FE9C8}.Debug|Win32.ActiveCfg = Debug|Any CPU
		{8FE10A49-5B2E-4A5C-8847-9E7F5E4FE9C8}.Debug|Win32.Build.0 = Debug|Any CPU
		{8FE10A49-5B2E-4A5C-8847-9E7F5E4FE9C8}.Debug|x86.ActiveCfg = Debug|Any CPU
		{8FE10A49-5B2E-4A5C-8847-9E7F5E4FE9C8}.Debug|x86.Build.0 = Debug|Any CPU
		{8FE10A49-5B2E-4A5C-8847-9E7F5E4FE9C8}.Release|Any CPU.ActiveCfg = Release|Any CPU
		{8FE10A49-5B2E-4A5C-8847-9E7F5E4FE9C8}.Release|Any CPU.Build.0 = Release|Any CPU
		{8FE10A49-5B2E-4A5C-8847-9E7F5E4FE9C8}.Release|Mixed Platforms.ActiveCfg = Release|Any CPU
		{8FE10A49-5B2E-4A5C-8847-9E7F5E4FE9C8}.Release|Mixed Platforms.Build.0 = Release|Any CPU
		{8FE10A49-5B2E-4A5C-8847-9E7F5E4FE9C8}.Release|Win32.ActiveCfg = Release|Any CPU
		{8FE10A49-5B2E-4A5C-8847-9E7F5E4FE9C8}.Release|Win32.Build.0 = Release|Any CPU
		{8FE10A49-5B2E-4A5C-8847-9E7F5E4FE9C8}.Release|x86.ActiveCfg = Release|Any CPU
		{8FE10A49-5B2E-4A5C-8847-9E7F5E4FE9C8}.Release|x86.Build.0 = Release|Any CPU
		{5792E8E8-9D94-4BA7-BFFE-2D676254A49F}.Debug|Any CPU.ActiveCfg = Debug|Any CPU
		{5792E8E8-9D94-4BA7-BFFE-2D676254A49F}.Debug|Any CPU.Build.0 = Debug|Any CPU
		{5792E8E8-9D94-4BA7-BFFE-2D676254A49F}.Debug|Mixed Platforms.ActiveCfg = Debug|Any CPU
		{5792E8E8-9D94-4BA7-BFFE-2D676254A49F}.Debug|Mixed Platforms.Build.0 = Debug|Any CPU
		{5792E8E8-9D94-4BA7-BFFE-2D676254A49F}.Debug|Win32.ActiveCfg = Debug|Any CPU
		{5792E8E8-9D94-4BA7-BFFE-2D676254A49F}.Debug|Win32.Build.0 = Debug|Any CPU
		{5792E8E8-9D94-4BA7-BFFE-2D676254A49F}.Debug|x86.ActiveCfg = Debug|Any CPU
		{5792E8E8-9D94-4BA7-BFFE-2D676254A49F}.Debug|x86.Build.0 = Debug|Any CPU
		{5792E8E8-9D94-4BA7-BFFE-2D676254A49F}.Release|Any CPU.ActiveCfg = Release|Any CPU
		{5792E8E8-9D94-4BA7-BFFE-2D676254A49F}.Release|Any CPU.Build.0 = Release|Any CPU
		{5792E8E8-9D94-4BA7-BFFE-2D676254A49F}.Release|Mixed Platforms.ActiveCfg = Release|Any CPU
		{5792E8E8-9D94-4BA7-BFFE-2D676254A49F}.Release|Mixed Platforms.Build.0 = Release|Any CPU
		{5792E8E8-9D94-4BA7-BFFE-2D676254A49F}.Release|Win32.ActiveCfg = Release|Any CPU
		{5792E8E8-9D94-4BA7-BFFE-2D676254A49F}.Release|Win32.Build.0 = Release|Any CPU
		{5792E8E8-9D94-4BA7-BFFE-2D676254A49F}.Release|x86.ActiveCfg = Release|Any CPU
		{5792E8E8-9D94-4BA7-BFFE-2D676254A49F}.Release|x86.Build.0 = Release|Any CPU
	EndGlobalSection
	GlobalSection(SolutionProperties) = preSolution
		HideSolutionNode = FALSE
	EndGlobalSection
EndGlobal
