
Microsoft Visual Studio Solution File, Format Version 12.00
# Blend for Visual Studio 14
VisualStudioVersion = 14.0.23107.0
MinimumVisualStudioVersion = 10.0.40219.1
Project("{FAE04EC0-301F-11D3-BF4B-00C04F79EFBC}") = "pitsswp", "pitsswp\pitsswp.csproj", "{7A3B8893-948D-48B8-B18C-9E9B6C9191AE}"
EndProject
Global
	GlobalSection(SolutionConfigurationPlatforms) = preSolution
		Debug|Any CPU = Debug|Any CPU
		Release|Any CPU = Release|Any CPU
	EndGlobalSection
	GlobalSection(ProjectConfigurationPlatforms) = postSolution
		{7A3B8893-948D-48B8-B18C-9E9B6C9191AE}.Debug|Any CPU.ActiveCfg = Debug|Any CPU
		{7A3B8893-948D-48B8-B18C-9E9B6C9191AE}.Debug|Any CPU.Build.0 = Debug|Any CPU
		{7A3B8893-948D-48B8-B18C-9E9B6C9191AE}.Release|Any CPU.ActiveCfg = Release|Any CPU
		{7A3B8893-948D-48B8-B18C-9E9B6C9191AE}.Release|Any CPU.Build.0 = Release|Any CPU
	EndGlobalSection
	GlobalSection(SolutionProperties) = preSolution
		HideSolutionNode = FALSE
	EndGlobalSection
EndGlobal
